
Microsoft Visual Studio Solution File, Format Version 12.00
# Visual Studio Version 17
VisualStudioVersion = 17.11.35222.181
MinimumVisualStudioVersion = 10.0.40219.1
Project("{FAE04EC0-301F-11D3-BF4B-00C04F79EFBC}") = "23Dh110315_Store", "23Dh110315_Store\23Dh110315_Store.csproj", "{1AB22E6A-EA60-4E51-8BBA-34EC9F80AD00}"
EndProject
Global
	GlobalSection(SolutionConfigurationPlatforms) = preSolution
		Debug|Any CPU = Debug|Any CPU
		Release|Any CPU = Release|Any CPU
	EndGlobalSection
	GlobalSection(ProjectConfigurationPlatforms) = postSolution
		{1AB22E6A-EA60-4E51-8BBA-34EC9F80AD00}.Debug|Any CPU.ActiveCfg = Debug|Any CPU
		{1AB22E6A-EA60-4E51-8BBA-34EC9F80AD00}.Debug|Any CPU.Build.0 = Debug|Any CPU
		{1AB22E6A-EA60-4E51-8BBA-34EC9F80AD00}.Release|Any CPU.ActiveCfg = Release|Any CPU
		{1AB22E6A-EA60-4E51-8BBA-34EC9F80AD00}.Release|Any CPU.Build.0 = Release|Any CPU
	EndGlobalSection
	GlobalSection(SolutionProperties) = preSolution
		HideSolutionNode = FALSE
	EndGlobalSection
	GlobalSection(ExtensibilityGlobals) = postSolution
		SolutionGuid = {563FA971-5D69-4AA7-8EF6-E19AA8BFA55F}
	EndGlobalSection
EndGlobal
